
Microsoft Visual Studio Solution File, Format Version 12.00
# Visual Studio Version 16
VisualStudioVersion = 16.6.30114.105
MinimumVisualStudioVersion = 10.0.40219.1
Project("{2150E333-8FDC-42A3-9474-1A3956D46DE8}") = "src", "src", "{2E1F7858-6573-4EB9-9785-8CA7696D4CAC}"
EndProject
Project("{2150E333-8FDC-42A3-9474-1A3956D46DE8}") = "test", "test", "{56E02400-1CB4-4663-869E-17538486ED2C}"
EndProject
Project("{9A19103F-16F7-4668-BE54-9A1E7A4F7556}") = "AnswerOnline.WebApi", "src\AnswerOnline.WebApi\AnswerOnline.WebApi.csproj", "{715A8932-B360-4E09-9C61-77B970A4D2DA}"
EndProject
Project("{9A19103F-16F7-4668-BE54-9A1E7A4F7556}") = "AnswerOnline.Domain", "src\AnswerOnline.Domain\AnswerOnline.Domain.csproj", "{1F12D224-1466-43EF-912C-5009D2820556}"
EndProject
Project("{9A19103F-16F7-4668-BE54-9A1E7A4F7556}") = "AnswerOnline.EntityFrameworkCore", "src\AnswerOnline.EntityFrameworkCore\AnswerOnline.EntityFrameworkCore.csproj", "{B3AE35CF-07C4-4EB2-9DF6-3171E5A2EB46}"
EndProject
Project("{9A19103F-16F7-4668-BE54-9A1E7A4F7556}") = "AnswerOnline.Application", "src\AnswerOnline.Application\AnswerOnline.Application.csproj", "{95F9D743-0206-4703-BB1D-EEE66955DD2F}"
EndProject
Project("{9A19103F-16F7-4668-BE54-9A1E7A4F7556}") = "AnswerOnline.Toolkit", "src\AnswerOnline.Toolkit\AnswerOnline.Toolkit.csproj", "{B95B7AE0-73D8-4D0A-92D5-AE4E9D74A49C}"
EndProject
Project("{9A19103F-16F7-4668-BE54-9A1E7A4F7556}") = "AnswerOnline.Domain.Shared", "src\AnswerOnline.Domain.Shared\AnswerOnline.Domain.Shared.csproj", "{6D1A9367-C55C-4FE2-AB65-79483AB048C6}"
EndProject
Project("{9A19103F-16F7-4668-BE54-9A1E7A4F7556}") = "AnswerOnline.Swagger", "src\AnswerOnline.Swagger\AnswerOnline.Swagger.csproj", "{8DDC1DF9-2D5C-43B9-9723-05B9374372FA}"
EndProject
Project("{9A19103F-16F7-4668-BE54-9A1E7A4F7556}") = "AnswerOnline.TestWebApi", "test\AnswerOnline.TestWebApi\AnswerOnline.TestWebApi.csproj", "{257C2026-58D1-41C3-B2D9-696152167F3A}"
EndProject
Project("{FAE04EC0-301F-11D3-BF4B-00C04F79EFBC}") = "AnswerOnline.Website", "src\AnswerOnline.Website\AnswerOnline.Website.csproj", "{D51EC2D3-5A7F-463D-9A5A-253E33DB3877}"
EndProject
Global
	GlobalSection(SolutionConfigurationPlatforms) = preSolution
		Debug|Any CPU = Debug|Any CPU
		Release|Any CPU = Release|Any CPU
	EndGlobalSection
	GlobalSection(ProjectConfigurationPlatforms) = postSolution
		{715A8932-B360-4E09-9C61-77B970A4D2DA}.Debug|Any CPU.ActiveCfg = Debug|Any CPU
		{715A8932-B360-4E09-9C61-77B970A4D2DA}.Debug|Any CPU.Build.0 = Debug|Any CPU
		{715A8932-B360-4E09-9C61-77B970A4D2DA}.Release|Any CPU.ActiveCfg = Release|Any CPU
		{715A8932-B360-4E09-9C61-77B970A4D2DA}.Release|Any CPU.Build.0 = Release|Any CPU
		{1F12D224-1466-43EF-912C-5009D2820556}.Debug|Any CPU.ActiveCfg = Debug|Any CPU
		{1F12D224-1466-43EF-912C-5009D2820556}.Debug|Any CPU.Build.0 = Debug|Any CPU
		{1F12D224-1466-43EF-912C-5009D2820556}.Release|Any CPU.ActiveCfg = Release|Any CPU
		{1F12D224-1466-43EF-912C-5009D2820556}.Release|Any CPU.Build.0 = Release|Any CPU
		{B3AE35CF-07C4-4EB2-9DF6-3171E5A2EB46}.Debug|Any CPU.ActiveCfg = Debug|Any CPU
		{B3AE35CF-07C4-4EB2-9DF6-3171E5A2EB46}.Debug|Any CPU.Build.0 = Debug|Any CPU
		{B3AE35CF-07C4-4EB2-9DF6-3171E5A2EB46}.Release|Any CPU.ActiveCfg = Release|Any CPU
		{B3AE35CF-07C4-4EB2-9DF6-3171E5A2EB46}.Release|Any CPU.Build.0 = Release|Any CPU
		{95F9D743-0206-4703-BB1D-EEE66955DD2F}.Debug|Any CPU.ActiveCfg = Debug|Any CPU
		{95F9D743-0206-4703-BB1D-EEE66955DD2F}.Debug|Any CPU.Build.0 = Debug|Any CPU
		{95F9D743-0206-4703-BB1D-EEE66955DD2F}.Release|Any CPU.ActiveCfg = Release|Any CPU
		{95F9D743-0206-4703-BB1D-EEE66955DD2F}.Release|Any CPU.Build.0 = Release|Any CPU
		{B95B7AE0-73D8-4D0A-92D5-AE4E9D74A49C}.Debug|Any CPU.ActiveCfg = Debug|Any CPU
		{B95B7AE0-73D8-4D0A-92D5-AE4E9D74A49C}.Debug|Any CPU.Build.0 = Debug|Any CPU
		{B95B7AE0-73D8-4D0A-92D5-AE4E9D74A49C}.Release|Any CPU.ActiveCfg = Release|Any CPU
		{B95B7AE0-73D8-4D0A-92D5-AE4E9D74A49C}.Release|Any CPU.Build.0 = Release|Any CPU
		{6D1A9367-C55C-4FE2-AB65-79483AB048C6}.Debug|Any CPU.ActiveCfg = Debug|Any CPU
		{6D1A9367-C55C-4FE2-AB65-79483AB048C6}.Debug|Any CPU.Build.0 = Debug|Any CPU
		{6D1A9367-C55C-4FE2-AB65-79483AB048C6}.Release|Any CPU.ActiveCfg = Release|Any CPU
		{6D1A9367-C55C-4FE2-AB65-79483AB048C6}.Release|Any CPU.Build.0 = Release|Any CPU
		{8DDC1DF9-2D5C-43B9-9723-05B9374372FA}.Debug|Any CPU.ActiveCfg = Debug|Any CPU
		{8DDC1DF9-2D5C-43B9-9723-05B9374372FA}.Debug|Any CPU.Build.0 = Debug|Any CPU
		{8DDC1DF9-2D5C-43B9-9723-05B9374372FA}.Release|Any CPU.ActiveCfg = Release|Any CPU
		{8DDC1DF9-2D5C-43B9-9723-05B9374372FA}.Release|Any CPU.Build.0 = Release|Any CPU
		{257C2026-58D1-41C3-B2D9-696152167F3A}.Debug|Any CPU.ActiveCfg = Debug|Any CPU
		{257C2026-58D1-41C3-B2D9-696152167F3A}.Debug|Any CPU.Build.0 = Debug|Any CPU
		{257C2026-58D1-41C3-B2D9-696152167F3A}.Release|Any CPU.ActiveCfg = Release|Any CPU
		{257C2026-58D1-41C3-B2D9-696152167F3A}.Release|Any CPU.Build.0 = Release|Any CPU
		{D51EC2D3-5A7F-463D-9A5A-253E33DB3877}.Debug|Any CPU.ActiveCfg = Debug|Any CPU
		{D51EC2D3-5A7F-463D-9A5A-253E33DB3877}.Debug|Any CPU.Build.0 = Debug|Any CPU
		{D51EC2D3-5A7F-463D-9A5A-253E33DB3877}.Release|Any CPU.ActiveCfg = Release|Any CPU
		{D51EC2D3-5A7F-463D-9A5A-253E33DB3877}.Release|Any CPU.Build.0 = Release|Any CPU
	EndGlobalSection
	GlobalSection(SolutionProperties) = preSolution
		HideSolutionNode = FALSE
	EndGlobalSection
	GlobalSection(NestedProjects) = preSolution
		{715A8932-B360-4E09-9C61-77B970A4D2DA} = {2E1F7858-6573-4EB9-9785-8CA7696D4CAC}
		{1F12D224-1466-43EF-912C-5009D2820556} = {2E1F7858-6573-4EB9-9785-8CA7696D4CAC}
		{B3AE35CF-07C4-4EB2-9DF6-3171E5A2EB46} = {2E1F7858-6573-4EB9-9785-8CA7696D4CAC}
		{95F9D743-0206-4703-BB1D-EEE66955DD2F} = {2E1F7858-6573-4EB9-9785-8CA7696D4CAC}
		{B95B7AE0-73D8-4D0A-92D5-AE4E9D74A49C} = {2E1F7858-6573-4EB9-9785-8CA7696D4CAC}
		{6D1A9367-C55C-4FE2-AB65-79483AB048C6} = {2E1F7858-6573-4EB9-9785-8CA7696D4CAC}
		{8DDC1DF9-2D5C-43B9-9723-05B9374372FA} = {2E1F7858-6573-4EB9-9785-8CA7696D4CAC}
		{257C2026-58D1-41C3-B2D9-696152167F3A} = {56E02400-1CB4-4663-869E-17538486ED2C}
		{D51EC2D3-5A7F-463D-9A5A-253E33DB3877} = {2E1F7858-6573-4EB9-9785-8CA7696D4CAC}
	EndGlobalSection
	GlobalSection(ExtensibilityGlobals) = postSolution
		SolutionGuid = {FFF3225C-696E-48AC-A912-648860C7C0FC}
	EndGlobalSection
EndGlobal
